
Microsoft Visual Studio Solution File, Format Version 12.00
# Visual Studio 15
VisualStudioVersion = 15.0.26124.0
MinimumVisualStudioVersion = 15.0.26124.0
Project("{2150E333-8FDC-42A3-9474-1A3956D46DE8}") = "Serialization", "Serialization", "{F1CF9FF4-58FE-4AD5-9E04-0D16129AE68F}"
EndProject
Project("{FAE04EC0-301F-11D3-BF4B-00C04F79EFBC}") = "ResourceCurator.Serialization.Yaml", "Serialization\Yaml\ResourceCurator.Serialization.Yaml.csproj", "{613A8DAB-1CF3-427C-8928-9265802429AE}"
EndProject
Project("{FAE04EC0-301F-11D3-BF4B-00C04F79EFBC}") = "ResourceCurator.Abstractions", "ResourceCurator.Abstractions\ResourceCurator.Abstractions.csproj", "{8560552F-00A8-4542-860B-E55E0CE8F2D0}"
EndProject
Project("{FAE04EC0-301F-11D3-BF4B-00C04F79EFBC}") = "ResourceCurator.Core", "ResourceCurator.Core\ResourceCurator.Core.csproj", "{0ACCDFCF-158D-4A69-8408-7B5CE4D72D07}"
EndProject
Project("{FAE04EC0-301F-11D3-BF4B-00C04F79EFBC}") = "ResourceCurator.Tests", "ResourceCurator.Tests\ResourceCurator.Tests.csproj", "{47B3AEA2-4CA0-4CA2-B62C-258E47AECEA6}"
EndProject
Global
	GlobalSection(SolutionConfigurationPlatforms) = preSolution
		Debug|Any CPU = Debug|Any CPU
		Debug|x64 = Debug|x64
		Debug|x86 = Debug|x86
		Release|Any CPU = Release|Any CPU
		Release|x64 = Release|x64
		Release|x86 = Release|x86
	EndGlobalSection
	GlobalSection(SolutionProperties) = preSolution
		HideSolutionNode = FALSE
	EndGlobalSection
	GlobalSection(ProjectConfigurationPlatforms) = postSolution
		{613A8DAB-1CF3-427C-8928-9265802429AE}.Debug|Any CPU.ActiveCfg = Debug|Any CPU
		{613A8DAB-1CF3-427C-8928-9265802429AE}.Debug|Any CPU.Build.0 = Debug|Any CPU
		{613A8DAB-1CF3-427C-8928-9265802429AE}.Debug|x64.ActiveCfg = Debug|Any CPU
		{613A8DAB-1CF3-427C-8928-9265802429AE}.Debug|x64.Build.0 = Debug|Any CPU
		{613A8DAB-1CF3-427C-8928-9265802429AE}.Debug|x86.ActiveCfg = Debug|Any CPU
		{613A8DAB-1CF3-427C-8928-9265802429AE}.Debug|x86.Build.0 = Debug|Any CPU
		{613A8DAB-1CF3-427C-8928-9265802429AE}.Release|Any CPU.ActiveCfg = Release|Any CPU
		{613A8DAB-1CF3-427C-8928-9265802429AE}.Release|Any CPU.Build.0 = Release|Any CPU
		{613A8DAB-1CF3-427C-8928-9265802429AE}.Release|x64.ActiveCfg = Release|Any CPU
		{613A8DAB-1CF3-427C-8928-9265802429AE}.Release|x64.Build.0 = Release|Any CPU
		{613A8DAB-1CF3-427C-8928-9265802429AE}.Release|x86.ActiveCfg = Release|Any CPU
		{613A8DAB-1CF3-427C-8928-9265802429AE}.Release|x86.Build.0 = Release|Any CPU
		{8560552F-00A8-4542-860B-E55E0CE8F2D0}.Debug|Any CPU.ActiveCfg = Debug|Any CPU
		{8560552F-00A8-4542-860B-E55E0CE8F2D0}.Debug|Any CPU.Build.0 = Debug|Any CPU
		{8560552F-00A8-4542-860B-E55E0CE8F2D0}.Debug|x64.ActiveCfg = Debug|Any CPU
		{8560552F-00A8-4542-860B-E55E0CE8F2D0}.Debug|x64.Build.0 = Debug|Any CPU
		{8560552F-00A8-4542-860B-E55E0CE8F2D0}.Debug|x86.ActiveCfg = Debug|Any CPU
		{8560552F-00A8-4542-860B-E55E0CE8F2D0}.Debug|x86.Build.0 = Debug|Any CPU
		{8560552F-00A8-4542-860B-E55E0CE8F2D0}.Release|Any CPU.ActiveCfg = Release|Any CPU
		{8560552F-00A8-4542-860B-E55E0CE8F2D0}.Release|Any CPU.Build.0 = Release|Any CPU
		{8560552F-00A8-4542-860B-E55E0CE8F2D0}.Release|x64.ActiveCfg = Release|Any CPU
		{8560552F-00A8-4542-860B-E55E0CE8F2D0}.Release|x64.Build.0 = Release|Any CPU
		{8560552F-00A8-4542-860B-E55E0CE8F2D0}.Release|x86.ActiveCfg = Release|Any CPU
		{8560552F-00A8-4542-860B-E55E0CE8F2D0}.Release|x86.Build.0 = Release|Any CPU
		{0ACCDFCF-158D-4A69-8408-7B5CE4D72D07}.Debug|Any CPU.ActiveCfg = Debug|Any CPU
		{0ACCDFCF-158D-4A69-8408-7B5CE4D72D07}.Debug|Any CPU.Build.0 = Debug|Any CPU
		{0ACCDFCF-158D-4A69-8408-7B5CE4D72D07}.Debug|x64.ActiveCfg = Debug|Any CPU
		{0ACCDFCF-158D-4A69-8408-7B5CE4D72D07}.Debug|x64.Build.0 = Debug|Any CPU
		{0ACCDFCF-158D-4A69-8408-7B5CE4D72D07}.Debug|x86.ActiveCfg = Debug|Any CPU
		{0ACCDFCF-158D-4A69-8408-7B5CE4D72D07}.Debug|x86.Build.0 = Debug|Any CPU
		{0ACCDFCF-158D-4A69-8408-7B5CE4D72D07}.Release|Any CPU.ActiveCfg = Release|Any CPU
		{0ACCDFCF-158D-4A69-8408-7B5CE4D72D07}.Release|Any CPU.Build.0 = Release|Any CPU
		{0ACCDFCF-158D-4A69-8408-7B5CE4D72D07}.Release|x64.ActiveCfg = Release|Any CPU
		{0ACCDFCF-158D-4A69-8408-7B5CE4D72D07}.Release|x64.Build.0 = Release|Any CPU
		{0ACCDFCF-158D-4A69-8408-7B5CE4D72D07}.Release|x86.ActiveCfg = Release|Any CPU
		{0ACCDFCF-158D-4A69-8408-7B5CE4D72D07}.Release|x86.Build.0 = Release|Any CPU
		{47B3AEA2-4CA0-4CA2-B62C-258E47AECEA6}.Debug|Any CPU.ActiveCfg = Debug|Any CPU
		{47B3AEA2-4CA0-4CA2-B62C-258E47AECEA6}.Debug|Any CPU.Build.0 = Debug|Any CPU
		{47B3AEA2-4CA0-4CA2-B62C-258E47AECEA6}.Debug|x64.ActiveCfg = Debug|Any CPU
		{47B3AEA2-4CA0-4CA2-B62C-258E47AECEA6}.Debug|x64.Build.0 = Debug|Any CPU
		{47B3AEA2-4CA0-4CA2-B62C-258E47AECEA6}.Debug|x86.ActiveCfg = Debug|Any CPU
		{47B3AEA2-4CA0-4CA2-B62C-258E47AECEA6}.Debug|x86.Build.0 = Debug|Any CPU
		{47B3AEA2-4CA0-4CA2-B62C-258E47AECEA6}.Release|Any CPU.ActiveCfg = Release|Any CPU
		{47B3AEA2-4CA0-4CA2-B62C-258E47AECEA6}.Release|Any CPU.Build.0 = Release|Any CPU
		{47B3AEA2-4CA0-4CA2-B62C-258E47AECEA6}.Release|x64.ActiveCfg = Release|Any CPU
		{47B3AEA2-4CA0-4CA2-B62C-258E47AECEA6}.Release|x64.Build.0 = Release|Any CPU
		{47B3AEA2-4CA0-4CA2-B62C-258E47AECEA6}.Release|x86.ActiveCfg = Release|Any CPU
		{47B3AEA2-4CA0-4CA2-B62C-258E47AECEA6}.Release|x86.Build.0 = Release|Any CPU
	EndGlobalSection
	GlobalSection(NestedProjects) = preSolution
		{613A8DAB-1CF3-427C-8928-9265802429AE} = {F1CF9FF4-58FE-4AD5-9E04-0D16129AE68F}
	EndGlobalSection
EndGlobal
