
Microsoft Visual Studio Solution File, Format Version 12.00
# Visual Studio 15
VisualStudioVersion = 15.0.26124.0
MinimumVisualStudioVersion = 15.0.26124.0
Project("{2150E333-8FDC-42A3-9474-1A3956D46DE8}") = "Examples", "Examples", "{CC3830F0-505B-4897-BFE0-EF720DA99B58}"
EndProject
Project("{FAE04EC0-301F-11D3-BF4B-00C04F79EFBC}") = "PingPipeline", "PingPipeline\PingPipeline.csproj", "{4F898D89-0C95-4C9D-8E78-DD8E8D604FA5}"
EndProject
Project("{FAE04EC0-301F-11D3-BF4B-00C04F79EFBC}") = "ResourceCurator.Abstractions", "..\ResourceCurator.Abstractions\ResourceCurator.Abstractions.csproj", "{7BF14616-F096-49B3-BD64-804EFF1CF71F}"
EndProject
Project("{FAE04EC0-301F-11D3-BF4B-00C04F79EFBC}") = "ResourceCurator.Core", "..\ResourceCurator.Core\ResourceCurator.Core.csproj", "{865626CE-D732-47FE-8D44-8CF3B6AFC0B1}"
EndProject
Project("{2150E333-8FDC-42A3-9474-1A3956D46DE8}") = "Serialization", "Serialization", "{B62A525F-8D87-4DBD-8629-71D71205768C}"
EndProject
Project("{FAE04EC0-301F-11D3-BF4B-00C04F79EFBC}") = "ResourceCurator.Serialization.Yaml", "..\Serialization\Yaml\ResourceCurator.Serialization.Yaml.csproj", "{1A81DDF3-DA40-4979-A2A3-96300B97E22C}"
EndProject
Global
	GlobalSection(SolutionConfigurationPlatforms) = preSolution
		Debug|Any CPU = Debug|Any CPU
		Debug|x64 = Debug|x64
		Debug|x86 = Debug|x86
		Release|Any CPU = Release|Any CPU
		Release|x64 = Release|x64
		Release|x86 = Release|x86
	EndGlobalSection
	GlobalSection(SolutionProperties) = preSolution
		HideSolutionNode = FALSE
	EndGlobalSection
	GlobalSection(ProjectConfigurationPlatforms) = postSolution
		{4F898D89-0C95-4C9D-8E78-DD8E8D604FA5}.Debug|Any CPU.ActiveCfg = Debug|Any CPU
		{4F898D89-0C95-4C9D-8E78-DD8E8D604FA5}.Debug|Any CPU.Build.0 = Debug|Any CPU
		{4F898D89-0C95-4C9D-8E78-DD8E8D604FA5}.Debug|x64.ActiveCfg = Debug|Any CPU
		{4F898D89-0C95-4C9D-8E78-DD8E8D604FA5}.Debug|x64.Build.0 = Debug|Any CPU
		{4F898D89-0C95-4C9D-8E78-DD8E8D604FA5}.Debug|x86.ActiveCfg = Debug|Any CPU
		{4F898D89-0C95-4C9D-8E78-DD8E8D604FA5}.Debug|x86.Build.0 = Debug|Any CPU
		{4F898D89-0C95-4C9D-8E78-DD8E8D604FA5}.Release|Any CPU.ActiveCfg = Release|Any CPU
		{4F898D89-0C95-4C9D-8E78-DD8E8D604FA5}.Release|Any CPU.Build.0 = Release|Any CPU
		{4F898D89-0C95-4C9D-8E78-DD8E8D604FA5}.Release|x64.ActiveCfg = Release|Any CPU
		{4F898D89-0C95-4C9D-8E78-DD8E8D604FA5}.Release|x64.Build.0 = Release|Any CPU
		{4F898D89-0C95-4C9D-8E78-DD8E8D604FA5}.Release|x86.ActiveCfg = Release|Any CPU
		{4F898D89-0C95-4C9D-8E78-DD8E8D604FA5}.Release|x86.Build.0 = Release|Any CPU
		{7BF14616-F096-49B3-BD64-804EFF1CF71F}.Debug|Any CPU.ActiveCfg = Debug|Any CPU
		{7BF14616-F096-49B3-BD64-804EFF1CF71F}.Debug|Any CPU.Build.0 = Debug|Any CPU
		{7BF14616-F096-49B3-BD64-804EFF1CF71F}.Debug|x64.ActiveCfg = Debug|Any CPU
		{7BF14616-F096-49B3-BD64-804EFF1CF71F}.Debug|x64.Build.0 = Debug|Any CPU
		{7BF14616-F096-49B3-BD64-804EFF1CF71F}.Debug|x86.ActiveCfg = Debug|Any CPU
		{7BF14616-F096-49B3-BD64-804EFF1CF71F}.Debug|x86.Build.0 = Debug|Any CPU
		{7BF14616-F096-49B3-BD64-804EFF1CF71F}.Release|Any CPU.ActiveCfg = Release|Any CPU
		{7BF14616-F096-49B3-BD64-804EFF1CF71F}.Release|Any CPU.Build.0 = Release|Any CPU
		{7BF14616-F096-49B3-BD64-804EFF1CF71F}.Release|x64.ActiveCfg = Release|Any CPU
		{7BF14616-F096-49B3-BD64-804EFF1CF71F}.Release|x64.Build.0 = Release|Any CPU
		{7BF14616-F096-49B3-BD64-804EFF1CF71F}.Release|x86.ActiveCfg = Release|Any CPU
		{7BF14616-F096-49B3-BD64-804EFF1CF71F}.Release|x86.Build.0 = Release|Any CPU
		{865626CE-D732-47FE-8D44-8CF3B6AFC0B1}.Debug|Any CPU.ActiveCfg = Debug|Any CPU
		{865626CE-D732-47FE-8D44-8CF3B6AFC0B1}.Debug|Any CPU.Build.0 = Debug|Any CPU
		{865626CE-D732-47FE-8D44-8CF3B6AFC0B1}.Debug|x64.ActiveCfg = Debug|Any CPU
		{865626CE-D732-47FE-8D44-8CF3B6AFC0B1}.Debug|x64.Build.0 = Debug|Any CPU
		{865626CE-D732-47FE-8D44-8CF3B6AFC0B1}.Debug|x86.ActiveCfg = Debug|Any CPU
		{865626CE-D732-47FE-8D44-8CF3B6AFC0B1}.Debug|x86.Build.0 = Debug|Any CPU
		{865626CE-D732-47FE-8D44-8CF3B6AFC0B1}.Release|Any CPU.ActiveCfg = Release|Any CPU
		{865626CE-D732-47FE-8D44-8CF3B6AFC0B1}.Release|Any CPU.Build.0 = Release|Any CPU
		{865626CE-D732-47FE-8D44-8CF3B6AFC0B1}.Release|x64.ActiveCfg = Release|Any CPU
		{865626CE-D732-47FE-8D44-8CF3B6AFC0B1}.Release|x64.Build.0 = Release|Any CPU
		{865626CE-D732-47FE-8D44-8CF3B6AFC0B1}.Release|x86.ActiveCfg = Release|Any CPU
		{865626CE-D732-47FE-8D44-8CF3B6AFC0B1}.Release|x86.Build.0 = Release|Any CPU
		{1A81DDF3-DA40-4979-A2A3-96300B97E22C}.Debug|Any CPU.ActiveCfg = Debug|Any CPU
		{1A81DDF3-DA40-4979-A2A3-96300B97E22C}.Debug|Any CPU.Build.0 = Debug|Any CPU
		{1A81DDF3-DA40-4979-A2A3-96300B97E22C}.Debug|x64.ActiveCfg = Debug|Any CPU
		{1A81DDF3-DA40-4979-A2A3-96300B97E22C}.Debug|x64.Build.0 = Debug|Any CPU
		{1A81DDF3-DA40-4979-A2A3-96300B97E22C}.Debug|x86.ActiveCfg = Debug|Any CPU
		{1A81DDF3-DA40-4979-A2A3-96300B97E22C}.Debug|x86.Build.0 = Debug|Any CPU
		{1A81DDF3-DA40-4979-A2A3-96300B97E22C}.Release|Any CPU.ActiveCfg = Release|Any CPU
		{1A81DDF3-DA40-4979-A2A3-96300B97E22C}.Release|Any CPU.Build.0 = Release|Any CPU
		{1A81DDF3-DA40-4979-A2A3-96300B97E22C}.Release|x64.ActiveCfg = Release|Any CPU
		{1A81DDF3-DA40-4979-A2A3-96300B97E22C}.Release|x64.Build.0 = Release|Any CPU
		{1A81DDF3-DA40-4979-A2A3-96300B97E22C}.Release|x86.ActiveCfg = Release|Any CPU
		{1A81DDF3-DA40-4979-A2A3-96300B97E22C}.Release|x86.Build.0 = Release|Any CPU
	EndGlobalSection
	GlobalSection(NestedProjects) = preSolution
		{4F898D89-0C95-4C9D-8E78-DD8E8D604FA5} = {CC3830F0-505B-4897-BFE0-EF720DA99B58}
		{1A81DDF3-DA40-4979-A2A3-96300B97E22C} = {B62A525F-8D87-4DBD-8629-71D71205768C}
	EndGlobalSection
EndGlobal
